
Microsoft Visual Studio Solution File, Format Version 12.00
# Visual Studio Version 16
VisualStudioVersion = 16.0.29613.14
MinimumVisualStudioVersion = 10.0.40219.1
Project("{8BC9CEB8-8B4A-11D0-8D11-00A0C91BC942}") = "engineOfRendering", "engineOfRendering\engineOfRendering.vcxproj", "{BE41794D-B30E-4759-912C-504CE566049C}"
EndProject
Global
	GlobalSection(SolutionConfigurationPlatforms) = preSolution
		Debug|x64 = Debug|x64
		Debug|x86 = Debug|x86
		Release|x64 = Release|x64
		Release|x86 = Release|x86
	EndGlobalSection
	GlobalSection(ProjectConfigurationPlatforms) = postSolution
		{BE41794D-B30E-4759-912C-504CE566049C}.Debug|x64.ActiveCfg = Debug|x64
		{BE41794D-B30E-4759-912C-504CE566049C}.Debug|x64.Build.0 = Debug|x64
		{BE41794D-B30E-4759-912C-504CE566049C}.Debug|x86.ActiveCfg = Debug|Win32
		{BE41794D-B30E-4759-912C-504CE566049C}.Debug|x86.Build.0 = Debug|Win32
		{BE41794D-B30E-4759-912C-504CE566049C}.Release|x64.ActiveCfg = Release|x64
		{BE41794D-B30E-4759-912C-504CE566049C}.Release|x64.Build.0 = Release|x64
		{BE41794D-B30E-4759-912C-504CE566049C}.Release|x86.ActiveCfg = Release|Win32
		{BE41794D-B30E-4759-912C-504CE566049C}.Release|x86.Build.0 = Release|Win32
	EndGlobalSection
	GlobalSection(SolutionProperties) = preSolution
		HideSolutionNode = FALSE
	EndGlobalSection
	GlobalSection(ExtensibilityGlobals) = postSolution
		SolutionGuid = {A3CC0E8B-BA80-498A-86D5-71950D85295A}
	EndGlobalSection
EndGlobal
